
Microsoft Visual Studio Solution File, Format Version 12.00
# Visual Studio Version 16
VisualStudioVersion = 16.0.29123.88
MinimumVisualStudioVersion = 10.0.40219.1
Project("{9A19103F-16F7-4668-BE54-9A1E7A4F7556}") = "WindowSnap", "WindowSnap.csproj", "{50D8655B-9C82-4EEA-8362-C2048CE7AADD}"
EndProject
Global
	GlobalSection(SolutionConfigurationPlatforms) = preSolution
		Debug|Any CPU = Debug|Any CPU
		Release|Any CPU = Release|Any CPU
	EndGlobalSection
	GlobalSection(ProjectConfigurationPlatforms) = postSolution
		{50D8655B-9C82-4EEA-8362-C2048CE7AADD}.Debug|Any CPU.ActiveCfg = Debug|Any CPU
		{50D8655B-9C82-4EEA-8362-C2048CE7AADD}.Debug|Any CPU.Build.0 = Debug|Any CPU
		{50D8655B-9C82-4EEA-8362-C2048CE7AADD}.Release|Any CPU.ActiveCfg = Release|Any CPU
		{50D8655B-9C82-4EEA-8362-C2048CE7AADD}.Release|Any CPU.Build.0 = Release|Any CPU
	EndGlobalSection
	GlobalSection(SolutionProperties) = preSolution
		HideSolutionNode = FALSE
	EndGlobalSection
	GlobalSection(ExtensibilityGlobals) = postSolution
		SolutionGuid = {D11F954B-3521-4517-BE29-A7FF17C2B71F}
	EndGlobalSection
EndGlobal
